
Microsoft Visual Studio Solution File, Format Version 12.00
# Visual Studio Version 17
VisualStudioVersion = 17.6.33829.357
MinimumVisualStudioVersion = 10.0.40219.1
Project("{FAE04EC0-301F-11D3-BF4B-00C04F79EFBC}") = "Abdoulch_InClass20240409", "Abdoulch_InClass20240409\Abdoulch_InClass20240409.csproj", "{AC5B1FA2-957C-40DE-9AEC-7535264FB5E9}"
EndProject
Global
	GlobalSection(SolutionConfigurationPlatforms) = preSolution
		Debug|Any CPU = Debug|Any CPU
		Release|Any CPU = Release|Any CPU
	EndGlobalSection
	GlobalSection(ProjectConfigurationPlatforms) = postSolution
		{AC5B1FA2-957C-40DE-9AEC-7535264FB5E9}.Debug|Any CPU.ActiveCfg = Debug|Any CPU
		{AC5B1FA2-957C-40DE-9AEC-7535264FB5E9}.Debug|Any CPU.Build.0 = Debug|Any CPU
		{AC5B1FA2-957C-40DE-9AEC-7535264FB5E9}.Release|Any CPU.ActiveCfg = Release|Any CPU
		{AC5B1FA2-957C-40DE-9AEC-7535264FB5E9}.Release|Any CPU.Build.0 = Release|Any CPU
	EndGlobalSection
	GlobalSection(SolutionProperties) = preSolution
		HideSolutionNode = FALSE
	EndGlobalSection
	GlobalSection(ExtensibilityGlobals) = postSolution
		SolutionGuid = {053F9814-DD0B-4D80-AF9F-9A18FD24F106}
	EndGlobalSection
EndGlobal
